
Microsoft Visual Studio Solution File, Format Version 12.00
# Visual Studio 15
VisualStudioVersion = 15.0.28307.902
MinimumVisualStudioVersion = 10.0.40219.1
Project("{9A19103F-16F7-4668-BE54-9A1E7A4F7556}") = "BluePrismTechTest", "BluePrismTechTest\BluePrismTechTest.csproj", "{A5580512-149B-44A3-9204-4856A4214367}"
EndProject
Project("{FAE04EC0-301F-11D3-BF4B-00C04F79EFBC}") = "BluePrismTechTest.Tests", "BluePrismTechTest.Tests\BluePrismTechTest.Tests.csproj", "{D7EB63AA-4B70-4FD3-BB3E-BF5467BD2D8E}"
EndProject
Global
	GlobalSection(SolutionConfigurationPlatforms) = preSolution
		Debug|Any CPU = Debug|Any CPU
		Release|Any CPU = Release|Any CPU
	EndGlobalSection
	GlobalSection(ProjectConfigurationPlatforms) = postSolution
		{A5580512-149B-44A3-9204-4856A4214367}.Debug|Any CPU.ActiveCfg = Debug|Any CPU
		{A5580512-149B-44A3-9204-4856A4214367}.Debug|Any CPU.Build.0 = Debug|Any CPU
		{A5580512-149B-44A3-9204-4856A4214367}.Release|Any CPU.ActiveCfg = Release|Any CPU
		{A5580512-149B-44A3-9204-4856A4214367}.Release|Any CPU.Build.0 = Release|Any CPU
		{D7EB63AA-4B70-4FD3-BB3E-BF5467BD2D8E}.Debug|Any CPU.ActiveCfg = Debug|Any CPU
		{D7EB63AA-4B70-4FD3-BB3E-BF5467BD2D8E}.Debug|Any CPU.Build.0 = Debug|Any CPU
		{D7EB63AA-4B70-4FD3-BB3E-BF5467BD2D8E}.Release|Any CPU.ActiveCfg = Release|Any CPU
		{D7EB63AA-4B70-4FD3-BB3E-BF5467BD2D8E}.Release|Any CPU.Build.0 = Release|Any CPU
	EndGlobalSection
	GlobalSection(SolutionProperties) = preSolution
		HideSolutionNode = FALSE
	EndGlobalSection
	GlobalSection(ExtensibilityGlobals) = postSolution
		SolutionGuid = {55A43DFF-4D7B-46B6-932B-6E045588DA99}
	EndGlobalSection
EndGlobal
